
Microsoft Visual Studio Solution File, Format Version 12.00
# Visual Studio Version 17
VisualStudioVersion = 17.6.33723.286
MinimumVisualStudioVersion = 10.0.40219.1
Project("{FAE04EC0-301F-11D3-BF4B-00C04F79EFBC}") = "VPFOrm", "VPFOrm\VPFOrm.csproj", "{876B811C-2AFA-425F-A8BB-49911E5A1D0E}"
EndProject
Project("{FAE04EC0-301F-11D3-BF4B-00C04F79EFBC}") = "VBProphail", "VBProphail\VBProphail.csproj", "{EAF2C4C4-6B14-41F4-9B53-919FA5374799}"
EndProject
Project("{FAE04EC0-301F-11D3-BF4B-00C04F79EFBC}") = "VPTetris", "VPTetris\VPTetris.csproj", "{F93D3153-1B61-4E2E-B6FD-F39BC2498964}"
EndProject
Global
	GlobalSection(SolutionConfigurationPlatforms) = preSolution
		Debug|Any CPU = Debug|Any CPU
		Release|Any CPU = Release|Any CPU
	EndGlobalSection
	GlobalSection(ProjectConfigurationPlatforms) = postSolution
		{876B811C-2AFA-425F-A8BB-49911E5A1D0E}.Debug|Any CPU.ActiveCfg = Debug|Any CPU
		{876B811C-2AFA-425F-A8BB-49911E5A1D0E}.Debug|Any CPU.Build.0 = Debug|Any CPU
		{876B811C-2AFA-425F-A8BB-49911E5A1D0E}.Release|Any CPU.ActiveCfg = Release|Any CPU
		{876B811C-2AFA-425F-A8BB-49911E5A1D0E}.Release|Any CPU.Build.0 = Release|Any CPU
		{EAF2C4C4-6B14-41F4-9B53-919FA5374799}.Debug|Any CPU.ActiveCfg = Debug|Any CPU
		{EAF2C4C4-6B14-41F4-9B53-919FA5374799}.Debug|Any CPU.Build.0 = Debug|Any CPU
		{EAF2C4C4-6B14-41F4-9B53-919FA5374799}.Release|Any CPU.ActiveCfg = Release|Any CPU
		{EAF2C4C4-6B14-41F4-9B53-919FA5374799}.Release|Any CPU.Build.0 = Release|Any CPU
		{F93D3153-1B61-4E2E-B6FD-F39BC2498964}.Debug|Any CPU.ActiveCfg = Debug|Any CPU
		{F93D3153-1B61-4E2E-B6FD-F39BC2498964}.Debug|Any CPU.Build.0 = Debug|Any CPU
		{F93D3153-1B61-4E2E-B6FD-F39BC2498964}.Release|Any CPU.ActiveCfg = Release|Any CPU
		{F93D3153-1B61-4E2E-B6FD-F39BC2498964}.Release|Any CPU.Build.0 = Release|Any CPU
	EndGlobalSection
	GlobalSection(SolutionProperties) = preSolution
		HideSolutionNode = FALSE
	EndGlobalSection
	GlobalSection(ExtensibilityGlobals) = postSolution
		SolutionGuid = {C5E1BD23-6F9D-4361-B66B-D4BBC22380EF}
	EndGlobalSection
EndGlobal
